
Microsoft Visual Studio Solution File, Format Version 12.00
# Visual Studio 15
VisualStudioVersion = 15.0.26114.2
MinimumVisualStudioVersion = 10.0.40219.1
Project("{2150E333-8FDC-42A3-9474-1A3956D46DE8}") = "SolutionItems", "SolutionItems", "{9F725242-157F-444F-8029-8BAE22D3F78F}"
	ProjectSection(SolutionItems) = preProject
		.editorconfig = .editorconfig
		build.cmd = build.cmd
		build.fsx = build.fsx
		build.sh = build.sh
	EndProjectSection
EndProject
Project("{2150E333-8FDC-42A3-9474-1A3956D46DE8}") = "src", "src", "{3E6972F1-7310-4BBF-A220-6B177FF4E65C}"
EndProject
Project("{2150E333-8FDC-42A3-9474-1A3956D46DE8}") = "test", "test", "{7647A4BD-398B-4497-B740-D0E128381C37}"
EndProject
Project("{2150E333-8FDC-42A3-9474-1A3956D46DE8}") = "examples", "examples", "{11FB22BB-F1D5-47D4-AA2F-8EBD0103FF25}"
EndProject
Project("{FAE04EC0-301F-11D3-BF4B-00C04F79EFBC}") = "Serilog.Sinks.RollingFileAlternate", "src\Serilog.Sinks.RollingFileAlternate\Serilog.Sinks.RollingFileAlternate.csproj", "{BAB978CF-89AF-49FE-BD39-36AB6EABF3C8}"
EndProject
Project("{FAE04EC0-301F-11D3-BF4B-00C04F79EFBC}") = "Serilog.Sinks.RollingFileAlternate.Tests", "test\Serilog.Sinks.RollingFileAlternate.Tests\Serilog.Sinks.RollingFileAlternate.Tests.csproj", "{36D0FD63-4613-41B6-AEF0-9AC72F6CF2E0}"
EndProject
Project("{FAE04EC0-301F-11D3-BF4B-00C04F79EFBC}") = "ExampleApp", "examples\ExampleApp\ExampleApp.csproj", "{ED0227E9-CEBD-4D14-A7AF-C9CD34679E2F}"
EndProject
Global
	GlobalSection(SolutionConfigurationPlatforms) = preSolution
		Debug|Any CPU = Debug|Any CPU
		Release|Any CPU = Release|Any CPU
	EndGlobalSection
	GlobalSection(ProjectConfigurationPlatforms) = postSolution
		{BAB978CF-89AF-49FE-BD39-36AB6EABF3C8}.Debug|Any CPU.ActiveCfg = Debug|Any CPU
		{BAB978CF-89AF-49FE-BD39-36AB6EABF3C8}.Debug|Any CPU.Build.0 = Debug|Any CPU
		{BAB978CF-89AF-49FE-BD39-36AB6EABF3C8}.Release|Any CPU.ActiveCfg = Release|Any CPU
		{BAB978CF-89AF-49FE-BD39-36AB6EABF3C8}.Release|Any CPU.Build.0 = Release|Any CPU
		{36D0FD63-4613-41B6-AEF0-9AC72F6CF2E0}.Debug|Any CPU.ActiveCfg = Debug|Any CPU
		{36D0FD63-4613-41B6-AEF0-9AC72F6CF2E0}.Debug|Any CPU.Build.0 = Debug|Any CPU
		{36D0FD63-4613-41B6-AEF0-9AC72F6CF2E0}.Release|Any CPU.ActiveCfg = Release|Any CPU
		{36D0FD63-4613-41B6-AEF0-9AC72F6CF2E0}.Release|Any CPU.Build.0 = Release|Any CPU
		{ED0227E9-CEBD-4D14-A7AF-C9CD34679E2F}.Debug|Any CPU.ActiveCfg = Debug|Any CPU
		{ED0227E9-CEBD-4D14-A7AF-C9CD34679E2F}.Debug|Any CPU.Build.0 = Debug|Any CPU
		{ED0227E9-CEBD-4D14-A7AF-C9CD34679E2F}.Release|Any CPU.ActiveCfg = Release|Any CPU
		{ED0227E9-CEBD-4D14-A7AF-C9CD34679E2F}.Release|Any CPU.Build.0 = Release|Any CPU
	EndGlobalSection
	GlobalSection(SolutionProperties) = preSolution
		HideSolutionNode = FALSE
	EndGlobalSection
	GlobalSection(NestedProjects) = preSolution
		{BAB978CF-89AF-49FE-BD39-36AB6EABF3C8} = {3E6972F1-7310-4BBF-A220-6B177FF4E65C}
		{36D0FD63-4613-41B6-AEF0-9AC72F6CF2E0} = {7647A4BD-398B-4497-B740-D0E128381C37}
		{ED0227E9-CEBD-4D14-A7AF-C9CD34679E2F} = {11FB22BB-F1D5-47D4-AA2F-8EBD0103FF25}
	EndGlobalSection
EndGlobal
